// !$*UTF8*$!
{ archiveVersion = 1; classes = {}; objectVersion = 56; objects = {
000000000000000000000064 = {isa = PBXFileReference; lastKnownFileType = sourcecode.swift; path = "Sources/PodsCore/Protocol.swift"; sourceTree = "<group>"; };
0000000000000000000000C8 = {isa = PBXBuildFile; fileRef = 000000000000000000000064; };
000000000000000000000065 = {isa = PBXFileReference; lastKnownFileType = sourcecode.swift; path = "Sources/PodsCore/LocalStore.swift"; sourceTree = "<group>"; };
0000000000000000000000C9 = {isa = PBXBuildFile; fileRef = 000000000000000000000065; };
000000000000000000000066 = {isa = PBXFileReference; lastKnownFileType = sourcecode.swift; path = "Sources/PodsCore/RelayClient.swift"; sourceTree = "<group>"; };
0000000000000000000000CA = {isa = PBXBuildFile; fileRef = 000000000000000000000066; };
000000000000000000000067 = {isa = PBXFileReference; lastKnownFileType = sourcecode.swift; path = "Sources/PodsCore/ContentCrypto.swift"; sourceTree = "<group>"; };
0000000000000000000000CB = {isa = PBXBuildFile; fileRef = 000000000000000000000067; };
000000000000000000000068 = {isa = PBXFileReference; lastKnownFileType = sourcecode.swift; path = "Sources/OpenApePods/PodDetailView.swift"; sourceTree = "<group>"; };
0000000000000000000000CC = {isa = PBXBuildFile; fileRef = 000000000000000000000068; };
000000000000000000000069 = {isa = PBXFileReference; lastKnownFileType = sourcecode.swift; path = "Sources/OpenApePods/PodsRootView.swift"; sourceTree = "<group>"; };
0000000000000000000000CD = {isa = PBXBuildFile; fileRef = 000000000000000000000069; };
00000000000000000000006A = {isa = PBXFileReference; lastKnownFileType = sourcecode.swift; path = "Sources/OpenApePods/OpenApePodsApp.swift"; sourceTree = "<group>"; };
0000000000000000000000CE = {isa = PBXBuildFile; fileRef = 00000000000000000000006A; };
00000000000000000000006B = {isa = PBXFileReference; lastKnownFileType = sourcecode.swift; path = "Sources/OpenApePods/PodsModel.swift"; sourceTree = "<group>"; };
0000000000000000000000CF = {isa = PBXBuildFile; fileRef = 00000000000000000000006B; };
000000000000000000000001 = {isa = PBXProject; attributes = {LastUpgradeCheck = 2700; TargetAttributes = {000000000000000000000002 = {CreatedOnToolsVersion = 27.0; }; }; }; buildConfigurationList = 00000000000000000000000A; compatibilityVersion = "Xcode 14.0"; developmentRegion = en; knownRegions = (en, Base); mainGroup = 000000000000000000000003; productRefGroup = 000000000000000000000004; projectDirPath = ""; projectRoot = ""; targets = (000000000000000000000002, 00000000000000000000012C); };
000000000000000000000002 = {isa = PBXNativeTarget; buildConfigurationList = 00000000000000000000000B; buildPhases = (000000000000000000000005, 000000000000000000000006, 000000000000000000000007); buildRules = (); dependencies = (); name = OpenApePods; productName = OpenApePods; productReference = 000000000000000000000008; productType = "com.apple.product-type.application"; };
000000000000000000000003 = {isa = PBXGroup; children = (000000000000000000000064, 000000000000000000000065, 000000000000000000000066, 000000000000000000000067, 000000000000000000000068, 000000000000000000000069, 00000000000000000000006A, 00000000000000000000006B, 000000000000000000000136, 000000000000000000000004); sourceTree = "<group>"; };
000000000000000000000004 = {isa = PBXGroup; children = (000000000000000000000008, 00000000000000000000012D); name = Products; sourceTree = "<group>"; };
000000000000000000000005 = {isa = PBXSourcesBuildPhase; buildActionMask = 2147483647; files = (0000000000000000000000C8, 0000000000000000000000C9, 0000000000000000000000CA, 0000000000000000000000CB, 0000000000000000000000CC, 0000000000000000000000CD, 0000000000000000000000CE, 0000000000000000000000CF); runOnlyForDeploymentPostprocessing = 0; };
000000000000000000000006 = {isa = PBXFrameworksBuildPhase; buildActionMask = 2147483647; files = (); runOnlyForDeploymentPostprocessing = 0; };
000000000000000000000007 = {isa = PBXResourcesBuildPhase; buildActionMask = 2147483647; files = (); runOnlyForDeploymentPostprocessing = 0; };
000000000000000000000008 = {isa = PBXFileReference; explicitFileType = wrapper.application; includeInIndex = 0; path = OpenApePods.app; sourceTree = BUILT_PRODUCTS_DIR; };
00000000000000000000001E = {isa = XCBuildConfiguration; buildSettings = {CLANG_ENABLE_MODULES = YES; SDKROOT = iphoneos; IPHONEOS_DEPLOYMENT_TARGET = 18.0; SWIFT_VERSION = 6.0; SWIFT_OPTIMIZATION_LEVEL = "-Onone"; SWIFT_ACTIVE_COMPILATION_CONDITIONS = DEBUG;}; name = Debug; };
000000000000000000000032 = {isa = XCBuildConfiguration; buildSettings = {CLANG_ENABLE_MODULES = YES; SDKROOT = iphoneos; IPHONEOS_DEPLOYMENT_TARGET = 18.0; SWIFT_VERSION = 6.0;}; name = Release; };
00000000000000000000000A = {isa = XCConfigurationList; buildConfigurations = (00000000000000000000001E, 000000000000000000000032); defaultConfigurationIsVisible = 0; defaultConfigurationName = Release; };
00000000000000000000001F = {isa = XCBuildConfiguration; buildSettings = {CLANG_ENABLE_MODULES = YES; SDKROOT = iphoneos; IPHONEOS_DEPLOYMENT_TARGET = 18.0; SWIFT_VERSION = 6.0; PRODUCT_BUNDLE_IDENTIFIER = ai.openape.pods; PRODUCT_NAME = "$(TARGET_NAME)"; DEVELOPMENT_TEAM = Q994DN23WB; CODE_SIGN_STYLE = Automatic; CODE_SIGN_ENTITLEMENTS = OpenApePods.entitlements; GENERATE_INFOPLIST_FILE = YES; INFOPLIST_KEY_CFBundleDisplayName = "OpenApe Pods"; INFOPLIST_KEY_LSApplicationCategoryType = "public.app-category.productivity"; INFOPLIST_KEY_UIApplicationSceneManifest_Generation = YES; INFOPLIST_KEY_UILaunchScreen_Generation = YES; INFOPLIST_KEY_UISupportedInterfaceOrientations_iPhone = "UIInterfaceOrientationPortrait UIInterfaceOrientationLandscapeLeft UIInterfaceOrientationLandscapeRight"; INFOPLIST_KEY_UISupportedInterfaceOrientations_iPad = "UIInterfaceOrientationPortrait UIInterfaceOrientationPortraitUpsideDown UIInterfaceOrientationLandscapeLeft UIInterfaceOrientationLandscapeRight"; CURRENT_PROJECT_VERSION = 1; MARKETING_VERSION = 0.1.0; TARGETED_DEVICE_FAMILY = "1,2"; SUPPORTS_MACCATALYST = NO; SWIFT_OPTIMIZATION_LEVEL = "-Onone"; SWIFT_ACTIVE_COMPILATION_CONDITIONS = DEBUG;}; name = Debug; };
000000000000000000000033 = {isa = XCBuildConfiguration; buildSettings = {CLANG_ENABLE_MODULES = YES; SDKROOT = iphoneos; IPHONEOS_DEPLOYMENT_TARGET = 18.0; SWIFT_VERSION = 6.0; PRODUCT_BUNDLE_IDENTIFIER = ai.openape.pods; PRODUCT_NAME = "$(TARGET_NAME)"; DEVELOPMENT_TEAM = Q994DN23WB; CODE_SIGN_STYLE = Automatic; CODE_SIGN_ENTITLEMENTS = OpenApePods.entitlements; GENERATE_INFOPLIST_FILE = YES; INFOPLIST_KEY_CFBundleDisplayName = "OpenApe Pods"; INFOPLIST_KEY_LSApplicationCategoryType = "public.app-category.productivity"; INFOPLIST_KEY_UIApplicationSceneManifest_Generation = YES; INFOPLIST_KEY_UILaunchScreen_Generation = YES; INFOPLIST_KEY_UISupportedInterfaceOrientations_iPhone = "UIInterfaceOrientationPortrait UIInterfaceOrientationLandscapeLeft UIInterfaceOrientationLandscapeRight"; INFOPLIST_KEY_UISupportedInterfaceOrientations_iPad = "UIInterfaceOrientationPortrait UIInterfaceOrientationPortraitUpsideDown UIInterfaceOrientationLandscapeLeft UIInterfaceOrientationLandscapeRight"; CURRENT_PROJECT_VERSION = 1; MARKETING_VERSION = 0.1.0; TARGETED_DEVICE_FAMILY = "1,2"; SUPPORTS_MACCATALYST = NO;}; name = Release; };
00000000000000000000000B = {isa = XCConfigurationList; buildConfigurations = (00000000000000000000001F, 000000000000000000000033); defaultConfigurationIsVisible = 0; defaultConfigurationName = Release; };

00000000000000000000012C = {isa = PBXNativeTarget; buildConfigurationList = 00000000000000000000012E; buildPhases = (00000000000000000000012F); buildRules = (); dependencies = (000000000000000000000130); name = OpenApePodsUITests; productName = OpenApePodsUITests; productReference = 00000000000000000000012D; productType = "com.apple.product-type.bundle.ui-testing"; };
00000000000000000000012D = {isa = PBXFileReference; explicitFileType = wrapper.cfbundle; path = OpenApePodsUITests.xctest; sourceTree = BUILT_PRODUCTS_DIR; };
00000000000000000000012E = {isa = XCConfigurationList; buildConfigurations = (000000000000000000000133, 000000000000000000000134); defaultConfigurationIsVisible = 0; defaultConfigurationName = Release; };
00000000000000000000012F = {isa = PBXSourcesBuildPhase; buildActionMask = 2147483647; files = (000000000000000000000137); runOnlyForDeploymentPostprocessing = 0; };
000000000000000000000130 = {isa = PBXTargetDependency; target = 000000000000000000000002; targetProxy = 000000000000000000000131; };
000000000000000000000131 = {isa = PBXContainerItemProxy; containerPortal = 000000000000000000000001; proxyType = 1; remoteGlobalIDString = 000000000000000000000002; remoteInfo = OpenApePods; };
000000000000000000000136 = {isa = PBXFileReference; lastKnownFileType = sourcecode.swift; path = UITests/LoginTests.swift; sourceTree = "<group>"; };
000000000000000000000137 = {isa = PBXBuildFile; fileRef = 000000000000000000000136; };
000000000000000000000133 = {isa = XCBuildConfiguration; buildSettings = {PRODUCT_BUNDLE_IDENTIFIER = ai.openape.pods.uitests; PRODUCT_NAME = "$(TARGET_NAME)"; TEST_TARGET_NAME = OpenApePods; DEVELOPMENT_TEAM = Q994DN23WB; CODE_SIGN_STYLE = Automatic; GENERATE_INFOPLIST_FILE = YES; IPHONEOS_DEPLOYMENT_TARGET = 18.0; SWIFT_VERSION = 6.0; TARGETED_DEVICE_FAMILY = "1,2"; }; name = Debug; };
000000000000000000000134 = {isa = XCBuildConfiguration; buildSettings = {PRODUCT_BUNDLE_IDENTIFIER = ai.openape.pods.uitests; PRODUCT_NAME = "$(TARGET_NAME)"; TEST_TARGET_NAME = OpenApePods; DEVELOPMENT_TEAM = Q994DN23WB; CODE_SIGN_STYLE = Automatic; GENERATE_INFOPLIST_FILE = YES; IPHONEOS_DEPLOYMENT_TARGET = 18.0; SWIFT_VERSION = 6.0; TARGETED_DEVICE_FAMILY = "1,2"; }; name = Release; };
};
rootObject = 000000000000000000000001;
}
